// !$*UTF8*$!
{
	archiveVersion = 1;
	classes = {
	};
	objectVersion = 46;
	objects = {

/* Begin PBXBuildFile section */
		F5BE29771D3F690F0064167B /* AppDelegate.swift in Sources */ = {isa = PBXBuildFile; fileRef = F5BE29761D3F690F0064167B /* AppDelegate.swift */; };
		F5BE29791D3F690F0064167B /* ViewController.swift in Sources */ = {isa = PBXBuildFile; fileRef = F5BE29781D3F690F0064167B /* ViewController.swift */; };
		F5BE297C1D3F690F0064167B /* Main.storyboard in Resources */ = {isa = PBXBuildFile; fileRef = F5BE297A1D3F690F0064167B /* Main.storyboard */; };
		F5BE297E1D3F690F0064167B /* Assets.xcassets in Resources */ = {isa = PBXBuildFile; fileRef = F5BE297D1D3F690F0064167B /* Assets.xcassets */; };
		F5BE29811D3F690F0064167B /* LaunchScreen.storyboard in Resources */ = {isa = PBXBuildFile; fileRef = F5BE297F1D3F690F0064167B /* LaunchScreen.storyboard */; };
/* End PBXBuildFile section */

/* Begin PBXFileReference section */
		F5BE29731D3F690F0064167B /* tenWordTextField.app */ = {isa = PBXFileReference; explicitFileType = wrapper.application; includeInIndex = 0; path = tenWordTextField.app; sourceTree = BUILT_PRODUCTS_DIR; };
		F5BE29761D3F690F0064167B /* AppDelegate.swift */ = {isa = PBXFileReference; lastKnownFileType = sourcecode.swift; path = AppDelegate.swift; sourceTree = "<group>"; };
		F5BE29781D3F690F0064167B /* ViewController.swift */ = {isa = PBXFileReference; lastKnownFileType = sourcecode.swift; path = ViewController.swift; sourceTree = "<group>"; };
		F5BE297B1D3F690F0064167B /* Base */ = {isa = PBXFileReference; lastKnownFileType = file.storyboard; name = Base; path = Base.lproj/Main.storyboard; sourceTree = "<group>"; };
		F5BE297D1D3F690F0064167B /* Assets.xcassets */ = {isa = PBXFileReference; lastKnownFileType = folder.assetcatalog; path = Assets.xcassets; sourceTree = "<group>"; };
		F5BE29801D3F690F0064167B /* Base */ = {isa = PBXFileReference; lastKnownFileType = file.storyboard; name = Base; path = Base.lproj/LaunchScreen.storyboard; sourceTree = "<group>"; };
		F5BE29821D3F690F0064167B /* Info.plist */ = {isa = PBXFileReference; lastKnownFileType = text.plist.xml; path = Info.plist; sourceTree = "<group>"; };
/* End PBXFileReference section */

/* Begin PBXFrameworksBuildPhase section */
		F5BE29701D3F690F0064167B /* Frameworks */ = {
			isa = PBXFrameworksBuildPhase;
			buildActionMask = 2147483647;
			files = (
			);
			runOnlyForDeploymentPostprocessing = 0;
		};
/* End PBXFrameworksBuildPhase section */

/* Begin PBXGroup section */
		F5BE296A1D3F690F0064167B = {
			isa = PBXGroup;
			children = (
				F5BE29751D3F690F0064167B /* tenWordTextField */,
				F5BE29741D3F690F0064167B /* Products */,
			);
			sourceTree = "<group>";
		};
		F5BE29741D3F690F0064167B /* Products */ = {
			isa = PBXGroup;
			children = (
				F5BE29731D3F690F0064167B /* tenWordTextField.app */,
			);
			name = Products;
			sourceTree = "<group>";
		};
		F5BE29751D3F690F0064167B /* tenWordTextField */ = {
			isa = PBXGroup;
			children = (
				F5BE29761D3F690F0064167B /* AppDelegate.swift */,
				F5BE29781D3F690F0064167B /* ViewController.swift */,
				F5BE297A1D3F690F0064167B /* Main.storyboard */,
				F5BE297D1D3F690F0064167B /* Assets.xcassets */,
				F5BE297F1D3F690F0064167B /* LaunchScreen.storyboard */,
				F5BE29821D3F690F0064167B /* Info.plist */,
			);
			path = tenWordTextField;
			sourceTree = "<group>";
		};
/* End PBXGroup section */

/* Begin PBXNativeTarget section */
		F5BE29721D3F690F0064167B /* tenWordTextField */ = {
			isa = PBXNativeTarget;
			buildConfigurationList = F5BE29851D3F690F0064167B /* Build configuration list for PBXNativeTarget "tenWordTextField" */;
			buildPhases = (
				F5BE296F1D3F690F0064167B /* Sources */,
				F5BE29701D3F690F0064167B /* Frameworks */,
				F5BE29711D3F690F0064167B /* Resources */,
			);
			buildRules = (
			);
			dependencies = (
			);
			name = tenWordTextField;
			productName = tenWordTextField;
			productReference = F5BE29731D3F690F0064167B /* tenWordTextField.app */;
			productType = "com.apple.product-type.application";
		};
/* End PBXNativeTarget section */

/* Begin PBXProject section */
		F5BE296B1D3F690F0064167B /* Project object */ = {
			isa = PBXProject;
			attributes = {
				LastSwiftUpdateCheck = 0800;
				LastUpgradeCheck = 0800;
				ORGANIZATIONNAME = EricYang;
				TargetAttributes = {
					F5BE29721D3F690F0064167B = {
						CreatedOnToolsVersion = 8.0;
						ProvisioningStyle = Automatic;
					};
				};
			};
			buildConfigurationList = F5BE296E1D3F690F0064167B /* Build configuration list for PBXProject "tenWordTextField" */;
			compatibilityVersion = "Xcode 3.2";
			developmentRegion = English;
			hasScannedForEncodings = 0;
			knownRegions = (
				en,
				Base,
			);
			mainGroup = F5BE296A1D3F690F0064167B;
			productRefGroup = F5BE29741D3F690F0064167B /* Products */;
			projectDirPath = "";
			projectRoot = "";
			targets = (
				F5BE29721D3F690F0064167B /* tenWordTextField */,
			);
		};
/* End PBXProject section */

/* Begin PBXResourcesBuildPhase section */
		F5BE29711D3F690F0064167B /* Resources */ = {
			isa = PBXResourcesBuildPhase;
			buildActionMask = 2147483647;
			files = (
				F5BE29811D3F690F0064167B /* LaunchScreen.storyboard in Resources */,
				F5BE297E1D3F690F0064167B /* Assets.xcassets in Resources */,
				F5BE297C1D3F690F0064167B /* Main.storyboard in Resources */,
			);
			runOnlyForDeploymentPostprocessing = 0;
		};
/* End PBXResourcesBuildPhase section */

/* Begin PBXSourcesBuildPhase section */
		F5BE296F1D3F690F0064167B /* Sources */ = {
			isa = PBXSourcesBuildPhase;
			buildActionMask = 2147483647;
			files = (
				F5BE29791D3F690F0064167B /* ViewController.swift in Sources */,
				F5BE29771D3F690F0064167B /* AppDelegate.swift in Sources */,
			);
			runOnlyForDeploymentPostprocessing = 0;
		};
/* End PBXSourcesBuildPhase section */

/* Begin PBXVariantGroup section */
		F5BE297A1D3F690F0064167B /* Main.storyboard */ = {
			isa = PBXVariantGroup;
			children = (
				F5BE297B1D3F690F0064167B /* Base */,
			);
			name = Main.storyboard;
			sourceTree = "<group>";
		};
		F5BE297F1D3F690F0064167B /* LaunchScreen.storyboard */ = {
			isa = PBXVariantGroup;
			children = (
				F5BE29801D3F690F0064167B /* Base */,
			);
			name = LaunchScreen.storyboard;
			sourceTree = "<group>";
		};
/* End PBXVariantGroup section */

/* Begin XCBuildConfiguration section */
		F5BE29831D3F690F0064167B /* Debug */ = {
			isa = XCBuildConfiguration;
			buildSettings = {
				ALWAYS_SEARCH_USER_PATHS = NO;
				CLANG_ANALYZER_NONNULL = YES;
				CLANG_CXX_LANGUAGE_STANDARD = "gnu++0x";
				CLANG_CXX_LIBRARY = "libc++";
				CLANG_ENABLE_MODULES = YES;
				CLANG_ENABLE_OBJC_ARC = YES;
				CLANG_WARN_BOOL_CONVERSION = YES;
				CLANG_WARN_CONSTANT_CONVERSION = YES;
				CLANG_WARN_DIRECT_OBJC_ISA_USAGE = YES_ERROR;
				CLANG_WARN_DOCUMENTATION_COMMENTS = YES;
				CLANG_WARN_EMPTY_BODY = YES;
				CLANG_WARN_ENUM_CONVERSION = YES;
				CLANG_WARN_INT_CONVERSION = YES;
				CLANG_WARN_OBJC_ROOT_CLASS = YES_ERROR;
				CLANG_WARN_UNREACHABLE_CODE = YES;
				CLANG_WARN__DUPLICATE_METHOD_MATCH = YES;
				"CODE_SIGN_IDENTITY[sdk=iphoneos*]" = "iPhone Developer";
				COPY_PHASE_STRIP = NO;
				DEBUG_INFORMATION_FORMAT = dwarf;
				ENABLE_STRICT_OBJC_MSGSEND = YES;
				ENABLE_TESTABILITY = YES;
				GCC_C_LANGUAGE_STANDARD = gnu99;
				GCC_DYNAMIC_NO_PIC = NO;
				GCC_NO_COMMON_BLOCKS = YES;
				GCC_OPTIMIZATION_LEVEL = 0;
				GCC_PREPROCESSOR_DEFINITIONS = (
					"DEBUG=1",
					"$(inherited)",
				);
				GCC_WARN_64_TO_32_BIT_CONVERSION = YES;
				GCC_WARN_ABOUT_RETURN_TYPE = YES_ERROR;
				GCC_WARN_UNDECLARED_SELECTOR = YES;
				GCC_WARN_UNINITIALIZED_AUTOS = YES_AGGRESSIVE;
				GCC_WARN_UNUSED_FUNCTION = YES;
				GCC_WARN_UNUSED_VARIABLE = YES;
				IPHONEOS_DEPLOYMENT_TARGET = 10.0;
				MTL_ENABLE_DEBUG_INFO = YES;
				ONLY_ACTIVE_ARCH = YES;
				SDKROOT = iphoneos;
				SWIFT_ACTIVE_COMPILATION_CONDITIONS = DEBUG;
				SWIFT_OPTIMIZATION_LEVEL = "-Onone";
			};
			name = Debug;
		};
		F5BE29841D3F690F0064167B /* Release */ = {
			isa = XCBuildConfiguration;
			buildSettings = {
				ALWAYS_SEARCH_USER_PATHS = NO;
				CLANG_ANALYZER_NONNULL = YES;
				CLANG_CXX_LANGUAGE_STANDARD = "gnu++0x";
				CLANG_CXX_LIBRARY = "libc++";
				CLANG_ENABLE_MODULES = YES;
				CLANG_ENABLE_OBJC_ARC = YES;
				CLANG_WARN_BOOL_CONVERSION = YES;
				CLANG_WARN_CONSTANT_CONVERSION = YES;
				CLANG_WARN_DIRECT_OBJC_ISA_USAGE = YES_ERROR;
				CLANG_WARN_DOCUMENTATION_COMMENTS = YES;
				CLANG_WARN_EMPTY_BODY = YES;
				CLANG_WARN_ENUM_CONVERSION = YES;
				CLANG_WARN_INT_CONVERSION = YES;
				CLANG_WARN_OBJC_ROOT_CLASS = YES_ERROR;
				CLANG_WARN_UNREACHABLE_CODE = YES;
				CLANG_WARN__DUPLICATE_METHOD_MATCH = YES;
				"CODE_SIGN_IDENTITY[sdk=iphoneos*]" = "iPhone Developer";
				COPY_PHASE_STRIP = NO;
				DEBUG_INFORMATION_FORMAT = "dwarf-with-dsym";
				ENABLE_NS_ASSERTIONS = NO;
				ENABLE_STRICT_OBJC_MSGSEND = YES;
				GCC_C_LANGUAGE_STANDARD = gnu99;
				GCC_NO_COMMON_BLOCKS = YES;
				GCC_WARN_64_TO_32_BIT_CONVERSION = YES;
				GCC_WARN_ABOUT_RETURN_TYPE = YES_ERROR;
				GCC_WARN_UNDECLARED_SELECTOR = YES;
				GCC_WARN_UNINITIALIZED_AUTOS = YES_AGGRESSIVE;
				GCC_WARN_UNUSED_FUNCTION = YES;
				GCC_WARN_UNUSED_VARIABLE = YES;
				IPHONEOS_DEPLOYMENT_TARGET = 10.0;
				MTL_ENABLE_DEBUG_INFO = NO;
				SDKROOT = iphoneos;
				SWIFT_OPTIMIZATION_LEVEL = "-Owholemodule";
				VALIDATE_PRODUCT = YES;
			};
			name = Release;
		};
		F5BE29861D3F690F0064167B /* Debug */ = {
			isa = XCBuildConfiguration;
			buildSettings = {
				ASSETCATALOG_COMPILER_APPICON_NAME = AppIcon;
				INFOPLIST_FILE = tenWordTextField/Info.plist;
				LD_RUNPATH_SEARCH_PATHS = "$(inherited) @executable_path/Frameworks";
				PRODUCT_BUNDLE_IDENTIFIER = bwya.tenWordTextField;
				PRODUCT_NAME = "$(TARGET_NAME)";
				SWIFT_VERSION = 3.0;
			};
			name = Debug;
		};
		F5BE29871D3F690F0064167B /* Release */ = {
			isa = XCBuildConfiguration;
			buildSettings = {
				ASSETCATALOG_COMPILER_APPICON_NAME = AppIcon;
				INFOPLIST_FILE = tenWordTextField/Info.plist;
				LD_RUNPATH_SEARCH_PATHS = "$(inherited) @executable_path/Frameworks";
				PRODUCT_BUNDLE_IDENTIFIER = bwya.tenWordTextField;
				PRODUCT_NAME = "$(TARGET_NAME)";
				SWIFT_VERSION = 3.0;
			};
			name = Release;
		};
/* End XCBuildConfiguration section */

/* Begin XCConfigurationList section */
		F5BE296E1D3F690F0064167B /* Build configuration list for PBXProject "tenWordTextField" */ = {
			isa = XCConfigurationList;
			buildConfigurations = (
				F5BE29831D3F690F0064167B /* Debug */,
				F5BE29841D3F690F0064167B /* Release */,
			);
			defaultConfigurationIsVisible = 0;
			defaultConfigurationName = Release;
		};
		F5BE29851D3F690F0064167B /* Build configuration list for PBXNativeTarget "tenWordTextField" */ = {
			isa = XCConfigurationList;
			buildConfigurations = (
				F5BE29861D3F690F0064167B /* Debug */,
				F5BE29871D3F690F0064167B /* Release */,
			);
			defaultConfigurationIsVisible = 0;
		};
/* End XCConfigurationList section */
	};
	rootObject = F5BE296B1D3F690F0064167B /* Project object */;
}
